// !$*UTF8*$!
{
	archiveVersion = 1;
	classes = {
	};
	objectVersion = 46;
	objects = {

/* Begin PBXBuildFile section */
		C2437E6E1CC9C0E2002E09E3 /* main.m in Sources */ = {isa = PBXBuildFile; fileRef = C2437E6D1CC9C0E2002E09E3 /* main.m */; };
		C2437E711CC9C0E2002E09E3 /* AppDelegate.m in Sources */ = {isa = PBXBuildFile; fileRef = C2437E701CC9C0E2002E09E3 /* AppDelegate.m */; };
		C2437E741CC9C0E2002E09E3 /* ViewController.m in Sources */ = {isa = PBXBuildFile; fileRef = C2437E731CC9C0E2002E09E3 /* ViewController.m */; };
		C2437E771CC9C0E2002E09E3 /* Main.storyboard in Resources */ = {isa = PBXBuildFile; fileRef = C2437E751CC9C0E2002E09E3 /* Main.storyboard */; };
		C2437E791CC9C0E2002E09E3 /* Assets.xcassets in Resources */ = {isa = PBXBuildFile; fileRef = C2437E781CC9C0E2002E09E3 /* Assets.xcassets */; };
		C2437E7C1CC9C0E2002E09E3 /* LaunchScreen.storyboard in Resources */ = {isa = PBXBuildFile; fileRef = C2437E7A1CC9C0E2002E09E3 /* LaunchScreen.storyboard */; };
		C2437E871CC9C0E2002E09E3 /* YUNToolsTests.m in Sources */ = {isa = PBXBuildFile; fileRef = C2437E861CC9C0E2002E09E3 /* YUNToolsTests.m */; };
		C2437EB41CC9CFC4002E09E3 /* YUNBase64.m in Sources */ = {isa = PBXBuildFile; fileRef = C2437EAB1CC9CFC4002E09E3 /* YUNBase64.m */; };
		C2437EB51CC9CFC4002E09E3 /* YUNColor.m in Sources */ = {isa = PBXBuildFile; fileRef = C2437EAD1CC9CFC4002E09E3 /* YUNColor.m */; };
		C2437EB61CC9CFC4002E09E3 /* YUNFont.m in Sources */ = {isa = PBXBuildFile; fileRef = C2437EAF1CC9CFC4002E09E3 /* YUNFont.m */; };
		C2437EB81CC9D166002E09E3 /* YUNBase64Tests.m in Sources */ = {isa = PBXBuildFile; fileRef = C2437EB71CC9D166002E09E3 /* YUNBase64Tests.m */; };
		C2437EBB1CC9D4BB002E09E3 /* YUNError.m in Sources */ = {isa = PBXBuildFile; fileRef = C2437EBA1CC9D4BB002E09E3 /* YUNError.m */; };
		C2437EBE1CC9D717002E09E3 /* YUNMath.m in Sources */ = {isa = PBXBuildFile; fileRef = C2437EBD1CC9D717002E09E3 /* YUNMath.m */; };
		C2437EC11CC9D882002E09E3 /* YUNTypeUtility.m in Sources */ = {isa = PBXBuildFile; fileRef = C2437EC01CC9D882002E09E3 /* YUNTypeUtility.m */; };
		C2437EC41CC9DCD4002E09E3 /* YUNLogger.m in Sources */ = {isa = PBXBuildFile; fileRef = C2437EC31CC9DCD4002E09E3 /* YUNLogger.m */; };
		C2437F081CCA0843002E09E3 /* UIScrollView+YUNExtension.m in Sources */ = {isa = PBXBuildFile; fileRef = C2437F051CCA0843002E09E3 /* UIScrollView+YUNExtension.m */; };
		C2437F091CCA0843002E09E3 /* UIView+YUNExtension.m in Sources */ = {isa = PBXBuildFile; fileRef = C2437F071CCA0843002E09E3 /* UIView+YUNExtension.m */; };
		C2743B9C1CCEFCEE009955B8 /* NSTimer+YUNControl.m in Sources */ = {isa = PBXBuildFile; fileRef = C2743B9B1CCEFCEE009955B8 /* NSTimer+YUNControl.m */; };
/* End PBXBuildFile section */

/* Begin PBXContainerItemProxy section */
		C2437E831CC9C0E2002E09E3 /* PBXContainerItemProxy */ = {
			isa = PBXContainerItemProxy;
			containerPortal = C2437E611CC9C0E2002E09E3 /* Project object */;
			proxyType = 1;
			remoteGlobalIDString = C2437E681CC9C0E2002E09E3;
			remoteInfo = YUNTools;
		};
/* End PBXContainerItemProxy section */

/* Begin PBXFileReference section */
		C2437E691CC9C0E2002E09E3 /* YUNTools.app */ = {isa = PBXFileReference; explicitFileType = wrapper.application; includeInIndex = 0; path = YUNTools.app; sourceTree = BUILT_PRODUCTS_DIR; };
		C2437E6D1CC9C0E2002E09E3 /* main.m */ = {isa = PBXFileReference; lastKnownFileType = sourcecode.c.objc; path = main.m; sourceTree = "<group>"; };
		C2437E6F1CC9C0E2002E09E3 /* AppDelegate.h */ = {isa = PBXFileReference; lastKnownFileType = sourcecode.c.h; path = AppDelegate.h; sourceTree = "<group>"; };
		C2437E701CC9C0E2002E09E3 /* AppDelegate.m */ = {isa = PBXFileReference; lastKnownFileType = sourcecode.c.objc; path = AppDelegate.m; sourceTree = "<group>"; };
		C2437E721CC9C0E2002E09E3 /* ViewController.h */ = {isa = PBXFileReference; lastKnownFileType = sourcecode.c.h; path = ViewController.h; sourceTree = "<group>"; };
		C2437E731CC9C0E2002E09E3 /* ViewController.m */ = {isa = PBXFileReference; lastKnownFileType = sourcecode.c.objc; path = ViewController.m; sourceTree = "<group>"; };
		C2437E761CC9C0E2002E09E3 /* Base */ = {isa = PBXFileReference; lastKnownFileType = file.storyboard; name = Base; path = Base.lproj/Main.storyboard; sourceTree = "<group>"; };
		C2437E781CC9C0E2002E09E3 /* Assets.xcassets */ = {isa = PBXFileReference; lastKnownFileType = folder.assetcatalog; path = Assets.xcassets; sourceTree = "<group>"; };
		C2437E7B1CC9C0E2002E09E3 /* Base */ = {isa = PBXFileReference; lastKnownFileType = file.storyboard; name = Base; path = Base.lproj/LaunchScreen.storyboard; sourceTree = "<group>"; };
		C2437E7D1CC9C0E2002E09E3 /* Info.plist */ = {isa = PBXFileReference; lastKnownFileType = text.plist.xml; path = Info.plist; sourceTree = "<group>"; };
		C2437E821CC9C0E2002E09E3 /* YUNToolsTests.xctest */ = {isa = PBXFileReference; explicitFileType = wrapper.cfbundle; includeInIndex = 0; path = YUNToolsTests.xctest; sourceTree = BUILT_PRODUCTS_DIR; };
		C2437E861CC9C0E2002E09E3 /* YUNToolsTests.m */ = {isa = PBXFileReference; lastKnownFileType = sourcecode.c.objc; path = YUNToolsTests.m; sourceTree = "<group>"; };
		C2437E881CC9C0E2002E09E3 /* Info.plist */ = {isa = PBXFileReference; lastKnownFileType = text.plist.xml; path = Info.plist; sourceTree = "<group>"; };
		C2437EAA1CC9CFC4002E09E3 /* YUNBase64.h */ = {isa = PBXFileReference; fileEncoding = 4; lastKnownFileType = sourcecode.c.h; path = YUNBase64.h; sourceTree = "<group>"; };
		C2437EAB1CC9CFC4002E09E3 /* YUNBase64.m */ = {isa = PBXFileReference; fileEncoding = 4; lastKnownFileType = sourcecode.c.objc; path = YUNBase64.m; sourceTree = "<group>"; };
		C2437EAC1CC9CFC4002E09E3 /* YUNColor.h */ = {isa = PBXFileReference; fileEncoding = 4; lastKnownFileType = sourcecode.c.h; path = YUNColor.h; sourceTree = "<group>"; };
		C2437EAD1CC9CFC4002E09E3 /* YUNColor.m */ = {isa = PBXFileReference; fileEncoding = 4; lastKnownFileType = sourcecode.c.objc; path = YUNColor.m; sourceTree = "<group>"; };
		C2437EAE1CC9CFC4002E09E3 /* YUNFont.h */ = {isa = PBXFileReference; fileEncoding = 4; lastKnownFileType = sourcecode.c.h; path = YUNFont.h; sourceTree = "<group>"; };
		C2437EAF1CC9CFC4002E09E3 /* YUNFont.m */ = {isa = PBXFileReference; fileEncoding = 4; lastKnownFileType = sourcecode.c.objc; path = YUNFont.m; sourceTree = "<group>"; };
		C2437EB01CC9CFC4002E09E3 /* YUNGeometry.h */ = {isa = PBXFileReference; fileEncoding = 4; lastKnownFileType = sourcecode.c.h; path = YUNGeometry.h; sourceTree = "<group>"; };
		C2437EB11CC9CFC4002E09E3 /* YUNMacros.h */ = {isa = PBXFileReference; fileEncoding = 4; lastKnownFileType = sourcecode.c.h; path = YUNMacros.h; sourceTree = "<group>"; };
		C2437EB21CC9CFC4002E09E3 /* YUNTools.h */ = {isa = PBXFileReference; fileEncoding = 4; lastKnownFileType = sourcecode.c.h; path = YUNTools.h; sourceTree = "<group>"; };
		C2437EB71CC9D166002E09E3 /* YUNBase64Tests.m */ = {isa = PBXFileReference; fileEncoding = 4; lastKnownFileType = sourcecode.c.objc; path = YUNBase64Tests.m; sourceTree = "<group>"; };
		C2437EB91CC9D4BB002E09E3 /* YUNError.h */ = {isa = PBXFileReference; fileEncoding = 4; lastKnownFileType = sourcecode.c.h; path = YUNError.h; sourceTree = "<group>"; };
		C2437EBA1CC9D4BB002E09E3 /* YUNError.m */ = {isa = PBXFileReference; fileEncoding = 4; lastKnownFileType = sourcecode.c.objc; path = YUNError.m; sourceTree = "<group>"; };
		C2437EBC1CC9D717002E09E3 /* YUNMath.h */ = {isa = PBXFileReference; fileEncoding = 4; lastKnownFileType = sourcecode.c.h; path = YUNMath.h; sourceTree = "<group>"; };
		C2437EBD1CC9D717002E09E3 /* YUNMath.m */ = {isa = PBXFileReference; fileEncoding = 4; lastKnownFileType = sourcecode.c.objc; path = YUNMath.m; sourceTree = "<group>"; };
		C2437EBF1CC9D882002E09E3 /* YUNTypeUtility.h */ = {isa = PBXFileReference; fileEncoding = 4; lastKnownFileType = sourcecode.c.h; path = YUNTypeUtility.h; sourceTree = "<group>"; };
		C2437EC01CC9D882002E09E3 /* YUNTypeUtility.m */ = {isa = PBXFileReference; fileEncoding = 4; lastKnownFileType = sourcecode.c.objc; path = YUNTypeUtility.m; sourceTree = "<group>"; };
		C2437EC21CC9DCD4002E09E3 /* YUNLogger.h */ = {isa = PBXFileReference; fileEncoding = 4; lastKnownFileType = sourcecode.c.h; path = YUNLogger.h; sourceTree = "<group>"; };
		C2437EC31CC9DCD4002E09E3 /* YUNLogger.m */ = {isa = PBXFileReference; fileEncoding = 4; lastKnownFileType = sourcecode.c.objc; path = YUNLogger.m; sourceTree = "<group>"; };
		C2437F041CCA0843002E09E3 /* UIScrollView+YUNExtension.h */ = {isa = PBXFileReference; fileEncoding = 4; lastKnownFileType = sourcecode.c.h; path = "UIScrollView+YUNExtension.h"; sourceTree = "<group>"; };
		C2437F051CCA0843002E09E3 /* UIScrollView+YUNExtension.m */ = {isa = PBXFileReference; fileEncoding = 4; lastKnownFileType = sourcecode.c.objc; path = "UIScrollView+YUNExtension.m"; sourceTree = "<group>"; };
		C2437F061CCA0843002E09E3 /* UIView+YUNExtension.h */ = {isa = PBXFileReference; fileEncoding = 4; lastKnownFileType = sourcecode.c.h; path = "UIView+YUNExtension.h"; sourceTree = "<group>"; };
		C2437F071CCA0843002E09E3 /* UIView+YUNExtension.m */ = {isa = PBXFileReference; fileEncoding = 4; lastKnownFileType = sourcecode.c.objc; path = "UIView+YUNExtension.m"; sourceTree = "<group>"; };
		C2437F141CCA08F3002E09E3 /* UIKit+YUNExtension.h */ = {isa = PBXFileReference; fileEncoding = 4; lastKnownFileType = sourcecode.c.h; path = "UIKit+YUNExtension.h"; sourceTree = "<group>"; };
		C2743B9A1CCEFCEE009955B8 /* NSTimer+YUNControl.h */ = {isa = PBXFileReference; fileEncoding = 4; lastKnownFileType = sourcecode.c.h; path = "NSTimer+YUNControl.h"; sourceTree = "<group>"; };
		C2743B9B1CCEFCEE009955B8 /* NSTimer+YUNControl.m */ = {isa = PBXFileReference; fileEncoding = 4; lastKnownFileType = sourcecode.c.objc; path = "NSTimer+YUNControl.m"; sourceTree = "<group>"; };
/* End PBXFileReference section */

/* Begin PBXFrameworksBuildPhase section */
		C2437E661CC9C0E2002E09E3 /* Frameworks */ = {
			isa = PBXFrameworksBuildPhase;
			buildActionMask = 2147483647;
			files = (
			);
			runOnlyForDeploymentPostprocessing = 0;
		};
		C2437E7F1CC9C0E2002E09E3 /* Frameworks */ = {
			isa = PBXFrameworksBuildPhase;
			buildActionMask = 2147483647;
			files = (
			);
			runOnlyForDeploymentPostprocessing = 0;
		};
/* End PBXFrameworksBuildPhase section */

/* Begin PBXGroup section */
		C2437E601CC9C0E2002E09E3 = {
			isa = PBXGroup;
			children = (
				C2437E6B1CC9C0E2002E09E3 /* YUNTools */,
				C2437E851CC9C0E2002E09E3 /* YUNToolsTests */,
				C2437E6A1CC9C0E2002E09E3 /* Products */,
			);
			sourceTree = "<group>";
		};
		C2437E6A1CC9C0E2002E09E3 /* Products */ = {
			isa = PBXGroup;
			children = (
				C2437E691CC9C0E2002E09E3 /* YUNTools.app */,
				C2437E821CC9C0E2002E09E3 /* YUNToolsTests.xctest */,
			);
			name = Products;
			sourceTree = "<group>";
		};
		C2437E6B1CC9C0E2002E09E3 /* YUNTools */ = {
			isa = PBXGroup;
			children = (
				C2437E6F1CC9C0E2002E09E3 /* AppDelegate.h */,
				C2437E701CC9C0E2002E09E3 /* AppDelegate.m */,
				C2437E721CC9C0E2002E09E3 /* ViewController.h */,
				C2437E731CC9C0E2002E09E3 /* ViewController.m */,
				C2743B991CCEFCD5009955B8 /* Extensions */,
				C2437F031CCA0843002E09E3 /* UIKitExtension */,
				C2437EA71CC9CFC4002E09E3 /* YUNTools */,
				C2437E751CC9C0E2002E09E3 /* Main.storyboard */,
				C2437E781CC9C0E2002E09E3 /* Assets.xcassets */,
				C2437E7A1CC9C0E2002E09E3 /* LaunchScreen.storyboard */,
				C2437E7D1CC9C0E2002E09E3 /* Info.plist */,
				C2437E6C1CC9C0E2002E09E3 /* Supporting Files */,
			);
			path = YUNTools;
			sourceTree = "<group>";
		};
		C2437E6C1CC9C0E2002E09E3 /* Supporting Files */ = {
			isa = PBXGroup;
			children = (
				C2437E6D1CC9C0E2002E09E3 /* main.m */,
			);
			name = "Supporting Files";
			sourceTree = "<group>";
		};
		C2437E851CC9C0E2002E09E3 /* YUNToolsTests */ = {
			isa = PBXGroup;
			children = (
				C2437E861CC9C0E2002E09E3 /* YUNToolsTests.m */,
				C2437EB71CC9D166002E09E3 /* YUNBase64Tests.m */,
				C2437E881CC9C0E2002E09E3 /* Info.plist */,
			);
			path = YUNToolsTests;
			sourceTree = "<group>";
		};
		C2437EA71CC9CFC4002E09E3 /* YUNTools */ = {
			isa = PBXGroup;
			children = (
				C2437EB21CC9CFC4002E09E3 /* YUNTools.h */,
				C2437EAA1CC9CFC4002E09E3 /* YUNBase64.h */,
				C2437EAB1CC9CFC4002E09E3 /* YUNBase64.m */,
				C2437EAC1CC9CFC4002E09E3 /* YUNColor.h */,
				C2437EAD1CC9CFC4002E09E3 /* YUNColor.m */,
				C2437EAE1CC9CFC4002E09E3 /* YUNFont.h */,
				C2437EAF1CC9CFC4002E09E3 /* YUNFont.m */,
				C2437EB01CC9CFC4002E09E3 /* YUNGeometry.h */,
				C2437EB11CC9CFC4002E09E3 /* YUNMacros.h */,
				C2437EB91CC9D4BB002E09E3 /* YUNError.h */,
				C2437EBA1CC9D4BB002E09E3 /* YUNError.m */,
				C2437EBC1CC9D717002E09E3 /* YUNMath.h */,
				C2437EBD1CC9D717002E09E3 /* YUNMath.m */,
				C2437EBF1CC9D882002E09E3 /* YUNTypeUtility.h */,
				C2437EC01CC9D882002E09E3 /* YUNTypeUtility.m */,
				C2437EC21CC9DCD4002E09E3 /* YUNLogger.h */,
				C2437EC31CC9DCD4002E09E3 /* YUNLogger.m */,
			);
			path = YUNTools;
			sourceTree = "<group>";
		};
		C2437F031CCA0843002E09E3 /* UIKitExtension */ = {
			isa = PBXGroup;
			children = (
				C2437F141CCA08F3002E09E3 /* UIKit+YUNExtension.h */,
				C2437F041CCA0843002E09E3 /* UIScrollView+YUNExtension.h */,
				C2437F051CCA0843002E09E3 /* UIScrollView+YUNExtension.m */,
				C2437F061CCA0843002E09E3 /* UIView+YUNExtension.h */,
				C2437F071CCA0843002E09E3 /* UIView+YUNExtension.m */,
			);
			path = UIKitExtension;
			sourceTree = "<group>";
		};
		C2743B991CCEFCD5009955B8 /* Extensions */ = {
			isa = PBXGroup;
			children = (
				C2743B9A1CCEFCEE009955B8 /* NSTimer+YUNControl.h */,
				C2743B9B1CCEFCEE009955B8 /* NSTimer+YUNControl.m */,
			);
			path = Extensions;
			sourceTree = "<group>";
		};
/* End PBXGroup section */

/* Begin PBXNativeTarget section */
		C2437E681CC9C0E2002E09E3 /* YUNTools */ = {
			isa = PBXNativeTarget;
			buildConfigurationList = C2437E8B1CC9C0E2002E09E3 /* Build configuration list for PBXNativeTarget "YUNTools" */;
			buildPhases = (
				C2437E651CC9C0E2002E09E3 /* Sources */,
				C2437E661CC9C0E2002E09E3 /* Frameworks */,
				C2437E671CC9C0E2002E09E3 /* Resources */,
			);
			buildRules = (
			);
			dependencies = (
			);
			name = YUNTools;
			productName = YUNTools;
			productReference = C2437E691CC9C0E2002E09E3 /* YUNTools.app */;
			productType = "com.apple.product-type.application";
		};
		C2437E811CC9C0E2002E09E3 /* YUNToolsTests */ = {
			isa = PBXNativeTarget;
			buildConfigurationList = C2437E8E1CC9C0E2002E09E3 /* Build configuration list for PBXNativeTarget "YUNToolsTests" */;
			buildPhases = (
				C2437E7E1CC9C0E2002E09E3 /* Sources */,
				C2437E7F1CC9C0E2002E09E3 /* Frameworks */,
				C2437E801CC9C0E2002E09E3 /* Resources */,
			);
			buildRules = (
			);
			dependencies = (
				C2437E841CC9C0E2002E09E3 /* PBXTargetDependency */,
			);
			name = YUNToolsTests;
			productName = YUNToolsTests;
			productReference = C2437E821CC9C0E2002E09E3 /* YUNToolsTests.xctest */;
			productType = "com.apple.product-type.bundle.unit-test";
		};
/* End PBXNativeTarget section */

/* Begin PBXProject section */
		C2437E611CC9C0E2002E09E3 /* Project object */ = {
			isa = PBXProject;
			attributes = {
				LastUpgradeCheck = 0720;
				ORGANIZATIONNAME = Tordian;
				TargetAttributes = {
					C2437E681CC9C0E2002E09E3 = {
						CreatedOnToolsVersion = 7.2;
					};
					C2437E811CC9C0E2002E09E3 = {
						CreatedOnToolsVersion = 7.2;
						TestTargetID = C2437E681CC9C0E2002E09E3;
					};
				};
			};
			buildConfigurationList = C2437E641CC9C0E2002E09E3 /* Build configuration list for PBXProject "YUNTools" */;
			compatibilityVersion = "Xcode 3.2";
			developmentRegion = English;
			hasScannedForEncodings = 0;
			knownRegions = (
				en,
				Base,
			);
			mainGroup = C2437E601CC9C0E2002E09E3;
			productRefGroup = C2437E6A1CC9C0E2002E09E3 /* Products */;
			projectDirPath = "";
			projectRoot = "";
			targets = (
				C2437E681CC9C0E2002E09E3 /* YUNTools */,
				C2437E811CC9C0E2002E09E3 /* YUNToolsTests */,
			);
		};
/* End PBXProject section */

/* Begin PBXResourcesBuildPhase section */
		C2437E671CC9C0E2002E09E3 /* Resources */ = {
			isa = PBXResourcesBuildPhase;
			buildActionMask = 2147483647;
			files = (
				C2437E7C1CC9C0E2002E09E3 /* LaunchScreen.storyboard in Resources */,
				C2437E791CC9C0E2002E09E3 /* Assets.xcassets in Resources */,
				C2437E771CC9C0E2002E09E3 /* Main.storyboard in Resources */,
			);
			runOnlyForDeploymentPostprocessing = 0;
		};
		C2437E801CC9C0E2002E09E3 /* Resources */ = {
			isa = PBXResourcesBuildPhase;
			buildActionMask = 2147483647;
			files = (
			);
			runOnlyForDeploymentPostprocessing = 0;
		};
/* End PBXResourcesBuildPhase section */

/* Begin PBXSourcesBuildPhase section */
		C2437E651CC9C0E2002E09E3 /* Sources */ = {
			isa = PBXSourcesBuildPhase;
			buildActionMask = 2147483647;
			files = (
				C2437EB51CC9CFC4002E09E3 /* YUNColor.m in Sources */,
				C2437EC41CC9DCD4002E09E3 /* YUNLogger.m in Sources */,
				C2437E741CC9C0E2002E09E3 /* ViewController.m in Sources */,
				C2437EC11CC9D882002E09E3 /* YUNTypeUtility.m in Sources */,
				C2437EBB1CC9D4BB002E09E3 /* YUNError.m in Sources */,
				C2437F091CCA0843002E09E3 /* UIView+YUNExtension.m in Sources */,
				C2437E711CC9C0E2002E09E3 /* AppDelegate.m in Sources */,
				C2437EBE1CC9D717002E09E3 /* YUNMath.m in Sources */,
				C2437EB41CC9CFC4002E09E3 /* YUNBase64.m in Sources */,
				C2437E6E1CC9C0E2002E09E3 /* main.m in Sources */,
				C2743B9C1CCEFCEE009955B8 /* NSTimer+YUNControl.m in Sources */,
				C2437EB61CC9CFC4002E09E3 /* YUNFont.m in Sources */,
				C2437F081CCA0843002E09E3 /* UIScrollView+YUNExtension.m in Sources */,
			);
			runOnlyForDeploymentPostprocessing = 0;
		};
		C2437E7E1CC9C0E2002E09E3 /* Sources */ = {
			isa = PBXSourcesBuildPhase;
			buildActionMask = 2147483647;
			files = (
				C2437E871CC9C0E2002E09E3 /* YUNToolsTests.m in Sources */,
				C2437EB81CC9D166002E09E3 /* YUNBase64Tests.m in Sources */,
			);
			runOnlyForDeploymentPostprocessing = 0;
		};
/* End PBXSourcesBuildPhase section */

/* Begin PBXTargetDependency section */
		C2437E841CC9C0E2002E09E3 /* PBXTargetDependency */ = {
			isa = PBXTargetDependency;
			target = C2437E681CC9C0E2002E09E3 /* YUNTools */;
			targetProxy = C2437E831CC9C0E2002E09E3 /* PBXContainerItemProxy */;
		};
/* End PBXTargetDependency section */

/* Begin PBXVariantGroup section */
		C2437E751CC9C0E2002E09E3 /* Main.storyboard */ = {
			isa = PBXVariantGroup;
			children = (
				C2437E761CC9C0E2002E09E3 /* Base */,
			);
			name = Main.storyboard;
			sourceTree = "<group>";
		};
		C2437E7A1CC9C0E2002E09E3 /* LaunchScreen.storyboard */ = {
			isa = PBXVariantGroup;
			children = (
				C2437E7B1CC9C0E2002E09E3 /* Base */,
			);
			name = LaunchScreen.storyboard;
			sourceTree = "<group>";
		};
/* End PBXVariantGroup section */

/* Begin XCBuildConfiguration section */
		C2437E891CC9C0E2002E09E3 /* Debug */ = {
			isa = XCBuildConfiguration;
			buildSettings = {
				ALWAYS_SEARCH_USER_PATHS = NO;
				CLANG_CXX_LANGUAGE_STANDARD = "gnu++0x";
				CLANG_CXX_LIBRARY = "libc++";
				CLANG_ENABLE_MODULES = YES;
				CLANG_ENABLE_OBJC_ARC = YES;
				CLANG_WARN_BOOL_CONVERSION = YES;
				CLANG_WARN_CONSTANT_CONVERSION = YES;
				CLANG_WARN_DIRECT_OBJC_ISA_USAGE = YES_ERROR;
				CLANG_WARN_EMPTY_BODY = YES;
				CLANG_WARN_ENUM_CONVERSION = YES;
				CLANG_WARN_INT_CONVERSION = YES;
				CLANG_WARN_OBJC_ROOT_CLASS = YES_ERROR;
				CLANG_WARN_UNREACHABLE_CODE = YES;
				CLANG_WARN__DUPLICATE_METHOD_MATCH = YES;
				"CODE_SIGN_IDENTITY[sdk=iphoneos*]" = "iPhone Developer";
				COPY_PHASE_STRIP = NO;
				DEBUG_INFORMATION_FORMAT = dwarf;
				ENABLE_STRICT_OBJC_MSGSEND = YES;
				ENABLE_TESTABILITY = YES;
				GCC_C_LANGUAGE_STANDARD = gnu99;
				GCC_DYNAMIC_NO_PIC = NO;
				GCC_NO_COMMON_BLOCKS = YES;
				GCC_OPTIMIZATION_LEVEL = 0;
				GCC_PREPROCESSOR_DEFINITIONS = (
					"DEBUG=1",
					"$(inherited)",
				);
				GCC_WARN_64_TO_32_BIT_CONVERSION = YES;
				GCC_WARN_ABOUT_RETURN_TYPE = YES_ERROR;
				GCC_WARN_UNDECLARED_SELECTOR = YES;
				GCC_WARN_UNINITIALIZED_AUTOS = YES_AGGRESSIVE;
				GCC_WARN_UNUSED_FUNCTION = YES;
				GCC_WARN_UNUSED_VARIABLE = YES;
				IPHONEOS_DEPLOYMENT_TARGET = 9.2;
				MTL_ENABLE_DEBUG_INFO = YES;
				ONLY_ACTIVE_ARCH = YES;
				SDKROOT = iphoneos;
				TARGETED_DEVICE_FAMILY = "1,2";
			};
			name = Debug;
		};
		C2437E8A1CC9C0E2002E09E3 /* Release */ = {
			isa = XCBuildConfiguration;
			buildSettings = {
				ALWAYS_SEARCH_USER_PATHS = NO;
				CLANG_CXX_LANGUAGE_STANDARD = "gnu++0x";
				CLANG_CXX_LIBRARY = "libc++";
				CLANG_ENABLE_MODULES = YES;
				CLANG_ENABLE_OBJC_ARC = YES;
				CLANG_WARN_BOOL_CONVERSION = YES;
				CLANG_WARN_CONSTANT_CONVERSION = YES;
				CLANG_WARN_DIRECT_OBJC_ISA_USAGE = YES_ERROR;
				CLANG_WARN_EMPTY_BODY = YES;
				CLANG_WARN_ENUM_CONVERSION = YES;
				CLANG_WARN_INT_CONVERSION = YES;
				CLANG_WARN_OBJC_ROOT_CLASS = YES_ERROR;
				CLANG_WARN_UNREACHABLE_CODE = YES;
				CLANG_WARN__DUPLICATE_METHOD_MATCH = YES;
				"CODE_SIGN_IDENTITY[sdk=iphoneos*]" = "iPhone Developer";
				COPY_PHASE_STRIP = NO;
				DEBUG_INFORMATION_FORMAT = "dwarf-with-dsym";
				ENABLE_NS_ASSERTIONS = NO;
				ENABLE_STRICT_OBJC_MSGSEND = YES;
				GCC_C_LANGUAGE_STANDARD = gnu99;
				GCC_NO_COMMON_BLOCKS = YES;
				GCC_WARN_64_TO_32_BIT_CONVERSION = YES;
				GCC_WARN_ABOUT_RETURN_TYPE = YES_ERROR;
				GCC_WARN_UNDECLARED_SELECTOR = YES;
				GCC_WARN_UNINITIALIZED_AUTOS = YES_AGGRESSIVE;
				GCC_WARN_UNUSED_FUNCTION = YES;
				GCC_WARN_UNUSED_VARIABLE = YES;
				IPHONEOS_DEPLOYMENT_TARGET = 9.2;
				MTL_ENABLE_DEBUG_INFO = NO;
				SDKROOT = iphoneos;
				TARGETED_DEVICE_FAMILY = "1,2";
				VALIDATE_PRODUCT = YES;
			};
			name = Release;
		};
		C2437E8C1CC9C0E2002E09E3 /* Debug */ = {
			isa = XCBuildConfiguration;
			buildSettings = {
				ASSETCATALOG_COMPILER_APPICON_NAME = AppIcon;
				INFOPLIST_FILE = YUNTools/Info.plist;
				LD_RUNPATH_SEARCH_PATHS = "$(inherited) @executable_path/Frameworks";
				PRODUCT_BUNDLE_IDENTIFIER = com.tordian.YUNTools;
				PRODUCT_NAME = "$(TARGET_NAME)";
			};
			name = Debug;
		};
		C2437E8D1CC9C0E2002E09E3 /* Release */ = {
			isa = XCBuildConfiguration;
			buildSettings = {
				ASSETCATALOG_COMPILER_APPICON_NAME = AppIcon;
				INFOPLIST_FILE = YUNTools/Info.plist;
				LD_RUNPATH_SEARCH_PATHS = "$(inherited) @executable_path/Frameworks";
				PRODUCT_BUNDLE_IDENTIFIER = com.tordian.YUNTools;
				PRODUCT_NAME = "$(TARGET_NAME)";
			};
			name = Release;
		};
		C2437E8F1CC9C0E2002E09E3 /* Debug */ = {
			isa = XCBuildConfiguration;
			buildSettings = {
				BUNDLE_LOADER = "$(TEST_HOST)";
				INFOPLIST_FILE = YUNToolsTests/Info.plist;
				LD_RUNPATH_SEARCH_PATHS = "$(inherited) @executable_path/Frameworks @loader_path/Frameworks";
				PRODUCT_BUNDLE_IDENTIFIER = com.tordian.YUNToolsTests;
				PRODUCT_NAME = "$(TARGET_NAME)";
				TEST_HOST = "$(BUILT_PRODUCTS_DIR)/YUNTools.app/YUNTools";
			};
			name = Debug;
		};
		C2437E901CC9C0E2002E09E3 /* Release */ = {
			isa = XCBuildConfiguration;
			buildSettings = {
				BUNDLE_LOADER = "$(TEST_HOST)";
				INFOPLIST_FILE = YUNToolsTests/Info.plist;
				LD_RUNPATH_SEARCH_PATHS = "$(inherited) @executable_path/Frameworks @loader_path/Frameworks";
				PRODUCT_BUNDLE_IDENTIFIER = com.tordian.YUNToolsTests;
				PRODUCT_NAME = "$(TARGET_NAME)";
				TEST_HOST = "$(BUILT_PRODUCTS_DIR)/YUNTools.app/YUNTools";
			};
			name = Release;
		};
/* End XCBuildConfiguration section */

/* Begin XCConfigurationList section */
		C2437E641CC9C0E2002E09E3 /* Build configuration list for PBXProject "YUNTools" */ = {
			isa = XCConfigurationList;
			buildConfigurations = (
				C2437E891CC9C0E2002E09E3 /* Debug */,
				C2437E8A1CC9C0E2002E09E3 /* Release */,
			);
			defaultConfigurationIsVisible = 0;
			defaultConfigurationName = Release;
		};
		C2437E8B1CC9C0E2002E09E3 /* Build configuration list for PBXNativeTarget "YUNTools" */ = {
			isa = XCConfigurationList;
			buildConfigurations = (
				C2437E8C1CC9C0E2002E09E3 /* Debug */,
				C2437E8D1CC9C0E2002E09E3 /* Release */,
			);
			defaultConfigurationIsVisible = 0;
			defaultConfigurationName = Release;
		};
		C2437E8E1CC9C0E2002E09E3 /* Build configuration list for PBXNativeTarget "YUNToolsTests" */ = {
			isa = XCConfigurationList;
			buildConfigurations = (
				C2437E8F1CC9C0E2002E09E3 /* Debug */,
				C2437E901CC9C0E2002E09E3 /* Release */,
			);
			defaultConfigurationIsVisible = 0;
			defaultConfigurationName = Release;
		};
/* End XCConfigurationList section */
	};
	rootObject = C2437E611CC9C0E2002E09E3 /* Project object */;
}
